
Microsoft Visual Studio Solution File, Format Version 12.00
# Visual Studio Version 17
VisualStudioVersion = 17.2.32526.322
MinimumVisualStudioVersion = 10.0.40219.1
Project("{FAE04EC0-301F-11D3-BF4B-00C04F79EFBC}") = "AddressBook", "AddressBook\AddressBook.csproj", "{02637E07-193D-4DCE-AB1F-680F763AEA1E}"
EndProject
Global
	GlobalSection(SolutionConfigurationPlatforms) = preSolution
		Debug|Any CPU = Debug|Any CPU
		Release|Any CPU = Release|Any CPU
	EndGlobalSection
	GlobalSection(ProjectConfigurationPlatforms) = postSolution
		{02637E07-193D-4DCE-AB1F-680F763AEA1E}.Debug|Any CPU.ActiveCfg = Debug|Any CPU
		{02637E07-193D-4DCE-AB1F-680F763AEA1E}.Debug|Any CPU.Build.0 = Debug|Any CPU
		{02637E07-193D-4DCE-AB1F-680F763AEA1E}.Release|Any CPU.ActiveCfg = Release|Any CPU
		{02637E07-193D-4DCE-AB1F-680F763AEA1E}.Release|Any CPU.Build.0 = Release|Any CPU
	EndGlobalSection
	GlobalSection(SolutionProperties) = preSolution
		HideSolutionNode = FALSE
	EndGlobalSection
	GlobalSection(ExtensibilityGlobals) = postSolution
		SolutionGuid = {78E8112F-07D2-405D-BA18-6EB4AED548EB}
	EndGlobalSection
EndGlobal
